
Microsoft Visual Studio Solution File, Format Version 12.00
# Visual Studio Version 17
VisualStudioVersion = 17.14.36717.8 d17.14
MinimumVisualStudioVersion = 10.0.40219.1
Project("{2150E333-8FDC-42A3-9474-1A3956D46DE8}") = "Common", "Common", "{DDB4EF12-CC4E-5E88-E6FC-71A802F4DE97}"
EndProject
Project("{2150E333-8FDC-42A3-9474-1A3956D46DE8}") = "App", "App", "{9FA3E278-A14B-4F7C-8FC8-83D2073D9F3B}"
EndProject
Project("{2150E333-8FDC-42A3-9474-1A3956D46DE8}") = "Bat", "Bat", "{EB40DA7F-B9BE-4661-9DEA-98921E3C5996}"
EndProject
Project("{FAE04EC0-301F-11D3-BF4B-00C04F79EFBC}") = "BCartApi", "Common\BCartApi\BCartApi.csproj", "{117F73F7-AD26-D784-C054-BF52CD912EB4}"
EndProject
Project("{FAE04EC0-301F-11D3-BF4B-00C04F79EFBC}") = "jp_CodePage", "Common\jp_CodePage\jp_CodePage.csproj", "{474DDAA1-87CD-FBB3-1D9F-01B1980F433A}"
EndProject
Project("{FAE04EC0-301F-11D3-BF4B-00C04F79EFBC}") = "BarcodeImageWriter", "Common\BarcodeImageWriter\BarcodeImageWriter\BarcodeImageWriter.csproj", "{B77F9063-2FE4-4A5C-B85A-11059FA28469}"
EndProject
Project("{FAE04EC0-301F-11D3-BF4B-00C04F79EFBC}") = "BCartLinkBatch", "BCart\Bat\BCartLinkBatch\BCartLinkBatch.csproj", "{ACAC1F75-88B6-0FCE-C30B-8FE6B05C0BB4}"
EndProject
Project("{FAE04EC0-301F-11D3-BF4B-00C04F79EFBC}") = "BCart顧客ランク差分登録", "BCart\Bat\BCart顧客ランク差分登録\BCart顧客ランク差分登録\BCart顧客ランク差分登録.csproj", "{CFB5FA6E-72A9-51F3-04D7-D1F23ADFF6FC}"
EndProject
Project("{FAE04EC0-301F-11D3-BF4B-00C04F79EFBC}") = "Bcart顧客取得wk", "BCart\Bat\Bcart顧客取得wk\Bcart顧客取得wk\Bcart顧客取得wk.csproj", "{BF0747F2-F281-F75F-794D-D2D2797BD252}"
EndProject
Project("{FAE04EC0-301F-11D3-BF4B-00C04F79EFBC}") = "BCart商品差分登録", "BCart\Bat\BCart商品差分登録\BCart商品差分登録\BCart商品差分登録.csproj", "{A8F4D5DE-022E-74B5-1288-F09116419E8C}"
EndProject
Project("{FAE04EC0-301F-11D3-BF4B-00C04F79EFBC}") = "bc自動非表示設定", "BCart\Bat\bc自動非表示設定\bc自動非表示設定\bc自動非表示設定.csproj", "{EF524981-41CC-23B2-CD38-E57DAC85292C}"
EndProject
Project("{FAE04EC0-301F-11D3-BF4B-00C04F79EFBC}") = "Create_user", "BCart\Bat\Create_user\Create_user\Create_user.csproj", "{79F40F9A-53AA-489A-B78A-5CF88E4DE0F5}"
EndProject
Project("{FAE04EC0-301F-11D3-BF4B-00C04F79EFBC}") = "Bcart受注管理", "BCart\App\Bcart受注管理\Bcart受注管理\Bcart受注管理.csproj", "{34BE7B15-78DF-6EC8-5599-F75BAD9CD959}"
EndProject
Project("{FAE04EC0-301F-11D3-BF4B-00C04F79EFBC}") = "BCart商品登録", "BCart\App\BCart商品登録\BCart商品登録\BCart商品登録.csproj", "{488A9C8F-BED0-7008-9687-E872F52601A8}"
EndProject
Global
	GlobalSection(SolutionConfigurationPlatforms) = preSolution
		Debug|Any CPU = Debug|Any CPU
		Release|Any CPU = Release|Any CPU
	EndGlobalSection
	GlobalSection(ProjectConfigurationPlatforms) = postSolution
		{117F73F7-AD26-D784-C054-BF52CD912EB4}.Debug|Any CPU.ActiveCfg = Debug|Any CPU
		{117F73F7-AD26-D784-C054-BF52CD912EB4}.Debug|Any CPU.Build.0 = Debug|Any CPU
		{117F73F7-AD26-D784-C054-BF52CD912EB4}.Release|Any CPU.ActiveCfg = Release|Any CPU
		{117F73F7-AD26-D784-C054-BF52CD912EB4}.Release|Any CPU.Build.0 = Release|Any CPU
		{474DDAA1-87CD-FBB3-1D9F-01B1980F433A}.Debug|Any CPU.ActiveCfg = Debug|Any CPU
		{474DDAA1-87CD-FBB3-1D9F-01B1980F433A}.Debug|Any CPU.Build.0 = Debug|Any CPU
		{474DDAA1-87CD-FBB3-1D9F-01B1980F433A}.Release|Any CPU.ActiveCfg = Release|Any CPU
		{474DDAA1-87CD-FBB3-1D9F-01B1980F433A}.Release|Any CPU.Build.0 = Release|Any CPU
		{B77F9063-2FE4-4A5C-B85A-11059FA28469}.Debug|Any CPU.ActiveCfg = Debug|Any CPU
		{B77F9063-2FE4-4A5C-B85A-11059FA28469}.Debug|Any CPU.Build.0 = Debug|Any CPU
		{B77F9063-2FE4-4A5C-B85A-11059FA28469}.Release|Any CPU.ActiveCfg = Release|Any CPU
		{B77F9063-2FE4-4A5C-B85A-11059FA28469}.Release|Any CPU.Build.0 = Release|Any CPU
		{ACAC1F75-88B6-0FCE-C30B-8FE6B05C0BB4}.Debug|Any CPU.ActiveCfg = Debug|Any CPU
		{ACAC1F75-88B6-0FCE-C30B-8FE6B05C0BB4}.Debug|Any CPU.Build.0 = Debug|Any CPU
		{ACAC1F75-88B6-0FCE-C30B-8FE6B05C0BB4}.Release|Any CPU.ActiveCfg = Release|Any CPU
		{ACAC1F75-88B6-0FCE-C30B-8FE6B05C0BB4}.Release|Any CPU.Build.0 = Release|Any CPU
		{CFB5FA6E-72A9-51F3-04D7-D1F23ADFF6FC}.Debug|Any CPU.ActiveCfg = Debug|Any CPU
		{CFB5FA6E-72A9-51F3-04D7-D1F23ADFF6FC}.Debug|Any CPU.Build.0 = Debug|Any CPU
		{CFB5FA6E-72A9-51F3-04D7-D1F23ADFF6FC}.Release|Any CPU.ActiveCfg = Release|Any CPU
		{CFB5FA6E-72A9-51F3-04D7-D1F23ADFF6FC}.Release|Any CPU.Build.0 = Release|Any CPU
		{BF0747F2-F281-F75F-794D-D2D2797BD252}.Debug|Any CPU.ActiveCfg = Debug|Any CPU
		{BF0747F2-F281-F75F-794D-D2D2797BD252}.Debug|Any CPU.Build.0 = Debug|Any CPU
		{BF0747F2-F281-F75F-794D-D2D2797BD252}.Release|Any CPU.ActiveCfg = Release|Any CPU
		{BF0747F2-F281-F75F-794D-D2D2797BD252}.Release|Any CPU.Build.0 = Release|Any CPU
		{A8F4D5DE-022E-74B5-1288-F09116419E8C}.Debug|Any CPU.ActiveCfg = Debug|Any CPU
		{A8F4D5DE-022E-74B5-1288-F09116419E8C}.Debug|Any CPU.Build.0 = Debug|Any CPU
		{A8F4D5DE-022E-74B5-1288-F09116419E8C}.Release|Any CPU.ActiveCfg = Release|Any CPU
		{A8F4D5DE-022E-74B5-1288-F09116419E8C}.Release|Any CPU.Build.0 = Release|Any CPU
		{EF524981-41CC-23B2-CD38-E57DAC85292C}.Debug|Any CPU.ActiveCfg = Debug|Any CPU
		{EF524981-41CC-23B2-CD38-E57DAC85292C}.Debug|Any CPU.Build.0 = Debug|Any CPU
		{EF524981-41CC-23B2-CD38-E57DAC85292C}.Release|Any CPU.ActiveCfg = Release|Any CPU
		{EF524981-41CC-23B2-CD38-E57DAC85292C}.Release|Any CPU.Build.0 = Release|Any CPU
		{79F40F9A-53AA-489A-B78A-5CF88E4DE0F5}.Debug|Any CPU.ActiveCfg = Debug|Any CPU
		{79F40F9A-53AA-489A-B78A-5CF88E4DE0F5}.Debug|Any CPU.Build.0 = Debug|Any CPU
		{79F40F9A-53AA-489A-B78A-5CF88E4DE0F5}.Release|Any CPU.ActiveCfg = Release|Any CPU
		{79F40F9A-53AA-489A-B78A-5CF88E4DE0F5}.Release|Any CPU.Build.0 = Release|Any CPU
		{34BE7B15-78DF-6EC8-5599-F75BAD9CD959}.Debug|Any CPU.ActiveCfg = Debug|Any CPU
		{34BE7B15-78DF-6EC8-5599-F75BAD9CD959}.Debug|Any CPU.Build.0 = Debug|Any CPU
		{34BE7B15-78DF-6EC8-5599-F75BAD9CD959}.Release|Any CPU.ActiveCfg = Release|Any CPU
		{34BE7B15-78DF-6EC8-5599-F75BAD9CD959}.Release|Any CPU.Build.0 = Release|Any CPU
		{488A9C8F-BED0-7008-9687-E872F52601A8}.Debug|Any CPU.ActiveCfg = Debug|Any CPU
		{488A9C8F-BED0-7008-9687-E872F52601A8}.Debug|Any CPU.Build.0 = Debug|Any CPU
		{488A9C8F-BED0-7008-9687-E872F52601A8}.Release|Any CPU.ActiveCfg = Release|Any CPU
		{488A9C8F-BED0-7008-9687-E872F52601A8}.Release|Any CPU.Build.0 = Release|Any CPU
	EndGlobalSection
	GlobalSection(SolutionProperties) = preSolution
		HideSolutionNode = FALSE
	EndGlobalSection
	GlobalSection(NestedProjects) = preSolution
		{117F73F7-AD26-D784-C054-BF52CD912EB4} = {DDB4EF12-CC4E-5E88-E6FC-71A802F4DE97}
		{474DDAA1-87CD-FBB3-1D9F-01B1980F433A} = {DDB4EF12-CC4E-5E88-E6FC-71A802F4DE97}
		{B77F9063-2FE4-4A5C-B85A-11059FA28469} = {DDB4EF12-CC4E-5E88-E6FC-71A802F4DE97}
		{ACAC1F75-88B6-0FCE-C30B-8FE6B05C0BB4} = {EB40DA7F-B9BE-4661-9DEA-98921E3C5996}
		{CFB5FA6E-72A9-51F3-04D7-D1F23ADFF6FC} = {EB40DA7F-B9BE-4661-9DEA-98921E3C5996}
		{BF0747F2-F281-F75F-794D-D2D2797BD252} = {EB40DA7F-B9BE-4661-9DEA-98921E3C5996}
		{A8F4D5DE-022E-74B5-1288-F09116419E8C} = {EB40DA7F-B9BE-4661-9DEA-98921E3C5996}
		{EF524981-41CC-23B2-CD38-E57DAC85292C} = {EB40DA7F-B9BE-4661-9DEA-98921E3C5996}
		{79F40F9A-53AA-489A-B78A-5CF88E4DE0F5} = {EB40DA7F-B9BE-4661-9DEA-98921E3C5996}
		{34BE7B15-78DF-6EC8-5599-F75BAD9CD959} = {9FA3E278-A14B-4F7C-8FC8-83D2073D9F3B}
		{488A9C8F-BED0-7008-9687-E872F52601A8} = {9FA3E278-A14B-4F7C-8FC8-83D2073D9F3B}
	EndGlobalSection
	GlobalSection(ExtensibilityGlobals) = postSolution
		SolutionGuid = {E0BCB983-AC8F-4E02-B14C-F3081ECAB3BB}
	EndGlobalSection
EndGlobal
